
Microsoft Visual Studio Solution File, Format Version 12.00
# Visual Studio 15
VisualStudioVersion = 15.0.28010.2026
MinimumVisualStudioVersion = 10.0.40219.1
Project("{FAE04EC0-301F-11D3-BF4B-00C04F79EFBC}") = "Ejercicio Objeto Triangulo", "Ejercicio Objeto Triangulo\Ejercicio Objeto Triangulo.csproj", "{44AD40FE-BE69-43CD-A621-C7818D5A24EE}"
EndProject
Global
	GlobalSection(SolutionConfigurationPlatforms) = preSolution
		Debug|Any CPU = Debug|Any CPU
		Release|Any CPU = Release|Any CPU
	EndGlobalSection
	GlobalSection(ProjectConfigurationPlatforms) = postSolution
		{44AD40FE-BE69-43CD-A621-C7818D5A24EE}.Debug|Any CPU.ActiveCfg = Debug|Any CPU
		{44AD40FE-BE69-43CD-A621-C7818D5A24EE}.Debug|Any CPU.Build.0 = Debug|Any CPU
		{44AD40FE-BE69-43CD-A621-C7818D5A24EE}.Release|Any CPU.ActiveCfg = Release|Any CPU
		{44AD40FE-BE69-43CD-A621-C7818D5A24EE}.Release|Any CPU.Build.0 = Release|Any CPU
	EndGlobalSection
	GlobalSection(SolutionProperties) = preSolution
		HideSolutionNode = FALSE
	EndGlobalSection
	GlobalSection(ExtensibilityGlobals) = postSolution
		SolutionGuid = {1AE836BE-44AB-4DF8-8DE4-303C0EDD4B20}
	EndGlobalSection
EndGlobal
